
Microsoft Visual Studio Solution File, Format Version 12.00
# Visual Studio 15
VisualStudioVersion = 15.0.28307.645
MinimumVisualStudioVersion = 10.0.40219.1
Project("{FAE04EC0-301F-11D3-BF4B-00C04F79EFBC}") = "People.Android", "People\People.Android\People.Android.csproj", "{BD486929-BDE7-4470-BE5B-2D63BBE380CC}"
EndProject
Project("{FAE04EC0-301F-11D3-BF4B-00C04F79EFBC}") = "People", "People\People\People.csproj", "{47E3CB0E-0425-4587-9589-BC07B7E7DFC3}"
EndProject
Global
	GlobalSection(SolutionConfigurationPlatforms) = preSolution
		Debug|Any CPU = Debug|Any CPU
		Release|Any CPU = Release|Any CPU
	EndGlobalSection
	GlobalSection(ProjectConfigurationPlatforms) = postSolution
		{BD486929-BDE7-4470-BE5B-2D63BBE380CC}.Debug|Any CPU.ActiveCfg = Debug|Any CPU
		{BD486929-BDE7-4470-BE5B-2D63BBE380CC}.Debug|Any CPU.Build.0 = Debug|Any CPU
		{BD486929-BDE7-4470-BE5B-2D63BBE380CC}.Debug|Any CPU.Deploy.0 = Debug|Any CPU
		{BD486929-BDE7-4470-BE5B-2D63BBE380CC}.Release|Any CPU.ActiveCfg = Release|Any CPU
		{BD486929-BDE7-4470-BE5B-2D63BBE380CC}.Release|Any CPU.Build.0 = Release|Any CPU
		{BD486929-BDE7-4470-BE5B-2D63BBE380CC}.Release|Any CPU.Deploy.0 = Release|Any CPU
		{47E3CB0E-0425-4587-9589-BC07B7E7DFC3}.Debug|Any CPU.ActiveCfg = Debug|Any CPU
		{47E3CB0E-0425-4587-9589-BC07B7E7DFC3}.Debug|Any CPU.Build.0 = Debug|Any CPU
		{47E3CB0E-0425-4587-9589-BC07B7E7DFC3}.Debug|Any CPU.Deploy.0 = Debug|Any CPU
		{47E3CB0E-0425-4587-9589-BC07B7E7DFC3}.Release|Any CPU.ActiveCfg = Release|Any CPU
		{47E3CB0E-0425-4587-9589-BC07B7E7DFC3}.Release|Any CPU.Build.0 = Release|Any CPU
		{47E3CB0E-0425-4587-9589-BC07B7E7DFC3}.Release|Any CPU.Deploy.0 = Release|Any CPU
	EndGlobalSection
	GlobalSection(SolutionProperties) = preSolution
		HideSolutionNode = FALSE
	EndGlobalSection
	GlobalSection(ExtensibilityGlobals) = postSolution
		SolutionGuid = {B97A955D-DA3D-4865-9288-1E8565B317F3}
	EndGlobalSection
EndGlobal
